<Solution>
  <Folder Name="/src/">
    <Project Path="src/LibraryManagementSystem.Application/LibraryManagementSystem.Application.csproj" />
    <Project Path="src/LibraryManagementSystem.Domain/LibraryManagementSystem.Domain.csproj" />
    <Project Path="src/LibraryManagementSystem.Infrastructure/LibraryManagementSystem.Infrastructure.csproj" />
    <Project Path="src/LibraryManagementSystem.Web/LibraryManagementSystem.Web.csproj" />
  </Folder>
  <Folder Name="/tests/">
    <Project Path="tests/LibraryManagementSystem.Tests/LibraryManagementSystem.Tests.csproj" />
  </Folder>
</Solution>
